
Microsoft Visual Studio Solution File, Format Version 12.00
# Visual Studio Version 16
VisualStudioVersion = 16.0.29509.3
MinimumVisualStudioVersion = 10.0.40219.1
Project("{FAE04EC0-301F-11D3-BF4B-00C04F79EFBC}") = "Prediction", "Prediction\Prediction.csproj", "{FC26C70C-9B4B-42D0-AAB5-1DCE2DA93ECD}"
EndProject
Global
	GlobalSection(SolutionConfigurationPlatforms) = preSolution
		Debug|Any CPU = Debug|Any CPU
		Release|Any CPU = Release|Any CPU
	EndGlobalSection
	GlobalSection(ProjectConfigurationPlatforms) = postSolution
		{FC26C70C-9B4B-42D0-AAB5-1DCE2DA93ECD}.Debug|Any CPU.ActiveCfg = Debug|Any CPU
		{FC26C70C-9B4B-42D0-AAB5-1DCE2DA93ECD}.Debug|Any CPU.Build.0 = Debug|Any CPU
		{FC26C70C-9B4B-42D0-AAB5-1DCE2DA93ECD}.Release|Any CPU.ActiveCfg = Release|Any CPU
		{FC26C70C-9B4B-42D0-AAB5-1DCE2DA93ECD}.Release|Any CPU.Build.0 = Release|Any CPU
	EndGlobalSection
	GlobalSection(SolutionProperties) = preSolution
		HideSolutionNode = FALSE
	EndGlobalSection
	GlobalSection(ExtensibilityGlobals) = postSolution
		SolutionGuid = {AF7BF613-5197-455E-B7FA-C8CA0F9D84FD}
	EndGlobalSection
EndGlobal
